
Microsoft Visual Studio Solution File, Format Version 12.00
# Visual Studio Version 17
VisualStudioVersion = 17.7.34031.279
MinimumVisualStudioVersion = 10.0.40219.1
Project("{FAE04EC0-301F-11D3-BF4B-00C04F79EFBC}") = "Курсова работа (о1)", "Курсова работа (о1)\Курсова работа (о1).csproj", "{1C4748E6-0F12-4CF9-8FC5-2B87D5D57B8D}"
EndProject
Global
	GlobalSection(SolutionConfigurationPlatforms) = preSolution
		Debug|Any CPU = Debug|Any CPU
		Release|Any CPU = Release|Any CPU
	EndGlobalSection
	GlobalSection(ProjectConfigurationPlatforms) = postSolution
		{1C4748E6-0F12-4CF9-8FC5-2B87D5D57B8D}.Debug|Any CPU.ActiveCfg = Debug|Any CPU
		{1C4748E6-0F12-4CF9-8FC5-2B87D5D57B8D}.Debug|Any CPU.Build.0 = Debug|Any CPU
		{1C4748E6-0F12-4CF9-8FC5-2B87D5D57B8D}.Release|Any CPU.ActiveCfg = Release|Any CPU
		{1C4748E6-0F12-4CF9-8FC5-2B87D5D57B8D}.Release|Any CPU.Build.0 = Release|Any CPU
	EndGlobalSection
	GlobalSection(SolutionProperties) = preSolution
		HideSolutionNode = FALSE
	EndGlobalSection
	GlobalSection(ExtensibilityGlobals) = postSolution
		SolutionGuid = {82EB8ED4-791A-4489-98A3-9894AC7592FE}
	EndGlobalSection
EndGlobal
